
Microsoft Visual Studio Solution File, Format Version 12.00
# Visual Studio 15
VisualStudioVersion = 15.0.27703.2047
MinimumVisualStudioVersion = 10.0.40219.1
Project("{FAE04EC0-301F-11D3-BF4B-00C04F79EFBC}") = "SourceCleaner", "SourceCleaner.csproj", "{1E428646-6DD7-4F7A-B54F-B7FD6F9A40DB}"
EndProject
Global
	GlobalSection(SolutionConfigurationPlatforms) = preSolution
		Debug|Any CPU = Debug|Any CPU
		Release|Any CPU = Release|Any CPU
	EndGlobalSection
	GlobalSection(ProjectConfigurationPlatforms) = postSolution
		{1E428646-6DD7-4F7A-B54F-B7FD6F9A40DB}.Debug|Any CPU.ActiveCfg = Debug|Any CPU
		{1E428646-6DD7-4F7A-B54F-B7FD6F9A40DB}.Debug|Any CPU.Build.0 = Debug|Any CPU
		{1E428646-6DD7-4F7A-B54F-B7FD6F9A40DB}.Release|Any CPU.ActiveCfg = Release|Any CPU
		{1E428646-6DD7-4F7A-B54F-B7FD6F9A40DB}.Release|Any CPU.Build.0 = Release|Any CPU
	EndGlobalSection
	GlobalSection(SolutionProperties) = preSolution
		HideSolutionNode = FALSE
	EndGlobalSection
	GlobalSection(ExtensibilityGlobals) = postSolution
		SolutionGuid = {317BA6DB-CAAB-4080-ADD4-6C9E1CB79C94}
	EndGlobalSection
EndGlobal
