
Microsoft Visual Studio Solution File, Format Version 12.00
# Visual Studio Version 17
VisualStudioVersion = 17.11.35327.3
MinimumVisualStudioVersion = 10.0.40219.1
Project("{9A19103F-16F7-4668-BE54-9A1E7A4F7556}") = "SourceCleaner", "SourceCleaner.csproj", "{1E428646-6DD7-4F7A-B54F-B7FD6F9A40DB}"
EndProject
Global
	GlobalSection(SolutionConfigurationPlatforms) = preSolution
		Debug|Any CPU = Debug|Any CPU
		Debug|x64 = Debug|x64
		Release|Any CPU = Release|Any CPU
		Release|x64 = Release|x64
	EndGlobalSection
	GlobalSection(ProjectConfigurationPlatforms) = postSolution
		{1E428646-6DD7-4F7A-B54F-B7FD6F9A40DB}.Debug|Any CPU.ActiveCfg = Debug|Any CPU
		{1E428646-6DD7-4F7A-B54F-B7FD6F9A40DB}.Debug|Any CPU.Build.0 = Debug|Any CPU
		{1E428646-6DD7-4F7A-B54F-B7FD6F9A40DB}.Debug|x64.ActiveCfg = Debug|x64
		{1E428646-6DD7-4F7A-B54F-B7FD6F9A40DB}.Debug|x64.Build.0 = Debug|x64
		{1E428646-6DD7-4F7A-B54F-B7FD6F9A40DB}.Release|Any CPU.ActiveCfg = Release|Any CPU
		{1E428646-6DD7-4F7A-B54F-B7FD6F9A40DB}.Release|Any CPU.Build.0 = Release|Any CPU
		{1E428646-6DD7-4F7A-B54F-B7FD6F9A40DB}.Release|x64.ActiveCfg = Release|x64
		{1E428646-6DD7-4F7A-B54F-B7FD6F9A40DB}.Release|x64.Build.0 = Release|x64
	EndGlobalSection
	GlobalSection(SolutionProperties) = preSolution
		HideSolutionNode = FALSE
	EndGlobalSection
	GlobalSection(ExtensibilityGlobals) = postSolution
		SolutionGuid = {317BA6DB-CAAB-4080-ADD4-6C9E1CB79C94}
	EndGlobalSection
EndGlobal
